# This file is automatically @generated by Cargo.
# It is not intended for manual editing.
version = 3

[[package]]
name = "cc"
version = "1.0.83"
source = "registry+https://github.com/rust-lang/crates.io-index"
checksum = "f1174fb0b6ec23863f8b971027804a42614e347eafb0a95bf0b12cdae21fc4d0"
dependencies = [
 "libc",
]

[[package]]
name = "five_os"
version = "0.2.0"
dependencies = [
 "cc",
 "fiveos_allocator",
 "fiveos_riscv",
 "fiveos_virtio",
]

[[package]]
name = "fiveos_allocator"
version = "0.2.0"

[[package]]
name = "fiveos_riscv"
version = "0.2.0"
dependencies = [
 "volatile",
]

[[package]]
name = "fiveos_virtio"
version = "0.2.0"

[[package]]
name = "libc"
version = "0.2.147"
source = "registry+https://github.com/rust-lang/crates.io-index"
checksum = "b4668fb0ea861c1df094127ac5f1da3409a82116a4ba74fca2e58ef927159bb3"

[[package]]
name = "volatile"
version = "0.4.6"
source = "registry+https://github.com/rust-lang/crates.io-index"
checksum = "442887c63f2c839b346c192d047a7c87e73d0689c9157b00b53dcc27dd5ea793"
